{
  "nodes": {
    "flake-utils": {
      "locked": {
        "lastModified": 1659877975,
        "narHash": "sha256-zllb8aq3YO3h8B/U0/J1WBgAL8EX5yWf5pMj3G0NAmc=",
        "owner": "numtide",
        "repo": "flake-utils",
        "rev": "c0e246b9b83f637f4681389ecabcb2681b4f3af0",
        "type": "github"
      },
      "original": {
        "owner": "numtide",
        "repo": "flake-utils",
        "type": "github"
      }
    },
    "nixos-org-configurations": {
      "flake": false,
      "locked": {
        "lastModified": 1659104385,
        "narHash": "sha256-Z8tAe2w0CEDabxO4LDleRhPzz0tDpRjKGIUbH62khyo=",
        "owner": "NixOS",
        "repo": "nixos-org-configurations",
        "rev": "f467c27834fddeb1ffe156c54b637db240bc7273",
        "type": "github"
      },
      "original": {
        "owner": "NixOS",
        "repo": "nixos-org-configurations",
        "type": "github"
      }
    },
    "nixpkgs": {
      "locked": {
        "lastModified": 1660305968,
        "narHash": "sha256-r0X1pZCSEA6mzt5OuTA7nHuLmvnbkwgpFAh1iLIx4GU=",
        "owner": "NixOS",
        "repo": "nixpkgs",
        "rev": "c4a0efdd5a728e20791b8d8d2f26f90ac228ee8d",
        "type": "github"
      },
      "original": {
        "id": "nixpkgs",
        "ref": "nixos-unstable",
        "type": "indirect"
      }
    },
    "root": {
      "inputs": {
        "flake-utils": "flake-utils",
        "nixos-org-configurations": "nixos-org-configurations",
        "nixpkgs": "nixpkgs"
      }
    }
  },
  "root": "root",
  "version": 7
}
